<Solution>
  <Project Path="SmartBank.Account.API/SmartBank.Account.API.csproj" Id="dced1fd1-0432-4075-ad9d-e0ade33a85ba" />
  <Project Path="SmartBank.Auth.API/SmartBank.Auth.API.csproj" />
  <Project Path="SmartBank.Notification.Worker/SmartBank.Notification.Worker.csproj" Id="5f6a8d5d-ae62-401c-8f9a-219fa578c55d" />
  <Project Path="SmartBank.Transaction.API/SmartBankT.Transaction.API.csproj" />
  <Project Path="SmartBankGateway/SmartBankGateway.csproj" />
  <Project Path="Team1-SmartBank.API/SmartBank.Customer.API.csproj" />
</Solution>
